github.com/davecgh/go-spew v1.1.0/go.mod h1:J7Y8YcW2NihsgmVo/mv3lAwl/skON4iLHjSsI+c5H38=
github.com/davecgh/go-spew v1.1.1 h1:vj9j/u1bqnvCEfJOwUhtlOARqs3+rkHYY13jYWTU97c=
github.com/davecgh/go-spew v1.1.1/go.mod h1:J7Y8YcW2NihsgmVo/mv3lAwl/skON4iLHjSsI+c5H38=
github.com/go-gl/glfw/v3.3/glfw v0.0.0-20210311203641-62640a716d48 h1:QrUfZrT8n72FUuiABt4tbu8PwDnOPAbnj3Mql1UhdRI=
github.com/go-gl/glfw/v3.3/glfw v0.0.0-20210311203641-62640a716d48/go.mod h1:tQ2UAYgL5IevRw8kRxooKSPJfGvJ9fJQFa0TUsXzTg8=
github.com/pmezard/go-difflib v1.0.0 h1:4DBwDE0NGyQoBHbLQYPwSUPoCMWR5BEzIk/f1lZbAQM=
github.com/pmezard/go-difflib v1.0.0/go.mod h1:iKH77koFhYxTK1pcRnkKkqfTogsbg7gZNVY4sRDYZ/4=
github.com/stretchr/objx v0.1.0/go.mod h1:HFkY916IF+rwdDfMAkV7OtwuqBVzrE8GR6GFx+wExME=
github.com/stretchr/objx v0.4.0/go.mod h1:YvHI0jy2hoMjB+UWwv71VJQ9isScKT/TqJzVSSt89Yw=
github.com/stretchr/testify v1.7.1/go.mod h1:6Fq8oRcR53rry900zMqJjRRixrwX3KX962/h/Wwjteg=
github.com/stretchr/testify v1.8.0 h1:pSgiaMZlXftHpm5L7V1+rVB+AZJydKsMxsQBIJw4PKk=
github.com/stretchr/testify v1.8.0/go.mod h1:yNjHg4UonilssWZ8iaSj1OCr/vHnekPRkoO+kdMU+MU=
github.com/veandco/go-sdl2 v0.4.5 h1:GFIjMabK7y2XWpr9sGvN7RDKHt7vrA7XPTUW60eOw+Y=
github.com/veandco/go-sdl2 v0.4.5/go.mod h1:OROqMhHD43nT4/i9crJukyVecjPNYYuCofep6SNiAjY=
github.com/vulkan-go/asche v0.0.0-20190912134304-d4b318b67e07 h1:QIXP1nx5b+YZt1cKDP5SR/89tRXrLxWslBBFBvH/+Y0=
github.com/vulkan-go/asche v0.0.0-20190912134304-d4b318b67e07/go.mod h1:fIbNY6YffQRtdF22h26OXRprI/BGOWPKlxJWtNC78OA=
github.com/vulkan-go/vulkan v0.0.0-20210402152248-956e3850d8f9 h1:WFujQpkMAAd8dqccEm10n8dly4yQ/R5d2+Us7GutowA=
github.com/vulkan-go/vulkan v0.0.0-20210402152248-956e3850d8f9/go.mod h1:Y5Ti1uUBdKDsb0W8aPtIo9krs+29Y7p6Bc9yyy4AM6g=
github.com/xlab/android-go v0.0.0-20180723170811-ebf4d6dd1830 h1:t4JWwVd06FAAZiTLSIGzNtOQYXkX90Y3bXWwAXvjepk=
github.com/xlab/android-go v0.0.0-20180723170811-ebf4d6dd1830/go.mod h1:cX5Ob29gFddv5hlAJN3tmNcvHuNQwUXzIP06azWW1M8=
github.com/xlab/catcher v0.0.0-20170222110830-4ce3d20cbee2 h1:Zpa3je19AZ1GU/UIgDO+87Vwa0+awqbpKprjfBb+So8=
github.com/xlab/catcher v0.0.0-20170222110830-4ce3d20cbee2/go.mod h1:wLwj0uiLs18rq5dVL7qeTy8ZQsraFHXqas1pUVTa+8A=
github.com/xlab/closer v0.0.0-20190328110542-03326addb7c2 h1:LPYwXwwHigHHFX3SFa9W9zBIa5reyaLJos2e95eHh68=
github.com/xlab/closer v0.0.0-20190328110542-03326addb7c2/go.mod h1:Y8IYP9aVODN3Vnw1FCqygCG5IWyYBeBlZqQ5aX+fHFw=
github.com/xlab/ios-go v0.0.0-20170702230120-5c6163f67cd4 h1:nC+inKdKlu6riC0WEh/QcnkG4i7ZZRcUZ4UWE7D68ik=
github.com/xlab/ios-go v0.0.0-20170702230120-5c6163f67cd4/go.mod h1:bVfZIYlCKXFl/Dumfx9Sbdl7FDGzd0BpWDFXVegToEE=
github.com/xlab/linmath v0.0.0-20220922225318-40b6290c3b40 h1:FmU7+0eD5GaZzxlbNxVMiC7th7/7qHtskrkWt0ltFkU=
github.com/xlab/linmath v0.0.0-20220922225318-40b6290c3b40/go.mod h1:W1rLjlRa7JX2fcoZ4tb3ZkxuwI6pEX/JkDLPxe1/R1g=
github.com/xlab/tablewriter v0.0.0-20160610135559-80b567a11ad5 h1:gmD7q6cCJfBbcuobWQe/KzLsd9Cd3amS1Mq5f3uU1qo=
github.com/xlab/tablewriter v0.0.0-20160610135559-80b567a11ad5/go.mod h1:fVwOndYN3s5IaGlMucfgxwMhqwcaJtlGejBU6zX6Yxw=
gopkg.in/check.v1 v0.0.0-20161208181325-20d25e280405 h1:yhCVgyC4o1eVCa2tZl7eS0r+SDo693bJlVdllGtEeKM=
gopkg.in/check.v1 v0.0.0-20161208181325-20d25e280405/go.mod h1:Co6ibVJAznAaIkqp8huTwlJQCZ016jof/cbN4VW5Yz0=
gopkg.in/yaml.v3 v3.0.0-20200313102051-9f266ea9e77c/go.mod h1:K4uyk7z7BCEPqu6E+C64Yfv1cQ7kz7rIZviUmN+EgEM=
gopkg.in/yaml.v3 v3.0.1 h1:fxVm/GzAzEWqLHuvctI91KS9hhNmmWOoWu0XTYJS7CA=
gopkg.in/yaml.v3 v3.0.1/go.mod h1:K4uyk7z7BCEPqu6E+C64Yfv1cQ7kz7rIZviUmN+EgEM=
